
Microsoft Visual Studio Solution File, Format Version 12.00
# Visual Studio Version 16
VisualStudioVersion = 25.0.1706.9
MinimumVisualStudioVersion = 10.0.40219.1
Project("{FAE04EC0-301F-11D3-BF4B-00C04F79EFBC}") = "Coding Project for ISDS 505", "Coding Project for ISDS 505\Coding Project for ISDS 505.csproj", "{B4469D7D-8A07-41F4-91FE-85ACE3DAF8AF}"
EndProject
Global
	GlobalSection(SolutionConfigurationPlatforms) = preSolution
		Debug|Any CPU = Debug|Any CPU
		Release|Any CPU = Release|Any CPU
	EndGlobalSection
	GlobalSection(ProjectConfigurationPlatforms) = postSolution
		{B4469D7D-8A07-41F4-91FE-85ACE3DAF8AF}.Debug|Any CPU.ActiveCfg = Debug|Any CPU
		{B4469D7D-8A07-41F4-91FE-85ACE3DAF8AF}.Debug|Any CPU.Build.0 = Debug|Any CPU
		{B4469D7D-8A07-41F4-91FE-85ACE3DAF8AF}.Release|Any CPU.ActiveCfg = Release|Any CPU
		{B4469D7D-8A07-41F4-91FE-85ACE3DAF8AF}.Release|Any CPU.Build.0 = Release|Any CPU
	EndGlobalSection
	GlobalSection(SolutionProperties) = preSolution
		HideSolutionNode = FALSE
	EndGlobalSection
	GlobalSection(ExtensibilityGlobals) = postSolution
		SolutionGuid = {50890267-C4B5-421C-BB86-B8E89183F330}
	EndGlobalSection
EndGlobal

ABC
